
Microsoft Visual Studio Solution File, Format Version 12.00
# Visual Studio Version 17
VisualStudioVersion = 17.5.33516.290
MinimumVisualStudioVersion = 10.0.40219.1
Project("{FAE04EC0-301F-11D3-BF4B-00C04F79EFBC}") = "ASP.NET Core Web App", "ASP.NET Core Web App\ASP.NET Core Web App.csproj", "{A85633C6-781E-47C0-AAB4-CAA68AE416E2}"
EndProject
Project("{FAE04EC0-301F-11D3-BF4B-00C04F79EFBC}") = "ASP.NET Core Web API", "ASP.NET Core Web API\ASP.NET Core Web API.csproj", "{AC98B837-011E-4D78-AAA8-1E8AA74EB254}"
EndProject
Project("{FAE04EC0-301F-11D3-BF4B-00C04F79EFBC}") = "ASP.NET Core Web App MVC", "ASP.NET Core Web App MVC\ASP.NET Core Web App MVC.csproj", "{E97789BE-7F28-43A0-9081-B7935FE5A2B3}"
EndProject
Project("{FAE04EC0-301F-11D3-BF4B-00C04F79EFBC}") = "ASP.NET Core Empty", "ASP.NET Core Empty\ASP.NET Core Empty.csproj", "{49A35BEE-291C-4E86-A2D7-7CB4ED5E30EB}"
EndProject
Project("{2150E333-8FDC-42A3-9474-1A3956D46DE8}") = "ASP.NET Core Project Types", "ASP.NET Core Project Types", "{1078F6AA-E52A-426B-BF37-C3D8D2DACE7A}"
EndProject
Project("{2150E333-8FDC-42A3-9474-1A3956D46DE8}") = "WCF Project Types", "WCF Project Types", "{4A7F6B3E-D5F7-4ACE-BA55-AEED87295014}"
EndProject
Project("{E24C65DC-7377-472B-9ABA-BC803B73C61A}") = "WCF Service", "WCF Service\", "{8122789C-2170-4247-8F5B-80194977606A}"
	ProjectSection(WebsiteProperties) = preProject
		TargetFrameworkMoniker = ".NETFramework,Version%3Dv4.7.2"
		Debug.AspNetCompiler.VirtualPath = "/localhost_60892"
		Debug.AspNetCompiler.PhysicalPath = "WCF Service\"
		Debug.AspNetCompiler.TargetPath = "PrecompiledWeb\localhost_60892\"
		Debug.AspNetCompiler.Updateable = "true"
		Debug.AspNetCompiler.ForceOverwrite = "true"
		Debug.AspNetCompiler.FixedNames = "false"
		Debug.AspNetCompiler.Debug = "True"
		Release.AspNetCompiler.VirtualPath = "/localhost_60892"
		Release.AspNetCompiler.PhysicalPath = "WCF Service\"
		Release.AspNetCompiler.TargetPath = "PrecompiledWeb\localhost_60892\"
		Release.AspNetCompiler.Updateable = "true"
		Release.AspNetCompiler.ForceOverwrite = "true"
		Release.AspNetCompiler.FixedNames = "false"
		Release.AspNetCompiler.Debug = "False"
		VWDPort = "60892"
		SlnRelativePath = "WCF Service\"
		DefaultWebSiteLanguage = "Visual C#"
	EndProjectSection
EndProject
Project("{FAE04EC0-301F-11D3-BF4B-00C04F79EFBC}") = "WCF Service Application", "WCF Service Application\WCF Service Application.csproj", "{C55932A7-4ED1-4136-BF26-298BB45D6D1F}"
EndProject
Project("{FAE04EC0-301F-11D3-BF4B-00C04F79EFBC}") = "WCF Service Library", "WCF Service Library\WCF Service Library.csproj", "{0F2FB804-B220-4755-97EC-FF5C515BD10E}"
EndProject
Project("{2150E333-8FDC-42A3-9474-1A3956D46DE8}") = "ASP.NET Framework Project Types", "ASP.NET Framework Project Types", "{1560B489-0146-49CD-9413-FCC1048B40C0}"
EndProject
Project("{FAE04EC0-301F-11D3-BF4B-00C04F79EFBC}") = "ASP.NET Web Application (Empty)", "ASP.NET Web Application (Empty)\ASP.NET Web Application (Empty).csproj", "{2D3BEDB5-DB62-4FB1-AAA3-F205C6BBD316}"
EndProject
Project("{FAE04EC0-301F-11D3-BF4B-00C04F79EFBC}") = "ASP.NET Web Application (Web Forms)", "ASP.NET Web Application (Web Forms)\ASP.NET Web Application (Web Forms).csproj", "{7A5FA061-3ECE-4DDE-8CFF-8433155FA5E0}"
EndProject
Project("{FAE04EC0-301F-11D3-BF4B-00C04F79EFBC}") = "ASP.NET Web Application (MVC)", "ASP.NET Web Application (MVC)\ASP.NET Web Application (MVC).csproj", "{6DAD1628-A7A9-4CDF-A7BA-697A471FD864}"
EndProject
Project("{FAE04EC0-301F-11D3-BF4B-00C04F79EFBC}") = "ASP.NET Web Application (Web API)", "ASP.NET Web Application (Web API)\ASP.NET Web Application (Web API).csproj", "{0DF61C7F-8522-4E28-9BE7-D897EF764CAD}"
EndProject
Project("{FAE04EC0-301F-11D3-BF4B-00C04F79EFBC}") = "ASP.NET Web Application (SPA)", "ASP.NET Web Application (SPA)\ASP.NET Web Application (SPA).csproj", "{A48F87E9-6550-4A9B-A5F7-BF4A784EA8D2}"
EndProject
Project("{2150E333-8FDC-42A3-9474-1A3956D46DE8}") = "Blazor Project Types", "Blazor Project Types", "{D244306D-F6EE-46BC-8428-073B239AD66A}"
EndProject
Project("{FAE04EC0-301F-11D3-BF4B-00C04F79EFBC}") = "Blazor Server App", "Blazor Server App\Blazor Server App.csproj", "{0A1D345E-82A6-4B56-A0B3-0CE3F172B97F}"
EndProject
Project("{FAE04EC0-301F-11D3-BF4B-00C04F79EFBC}") = "Blazor Server App Empty", "Blazor Server App Empty\Blazor Server App Empty.csproj", "{2BF8D1D0-F693-412D-A60A-0CD949EFFA21}"
EndProject
Project("{FAE04EC0-301F-11D3-BF4B-00C04F79EFBC}") = "Blazor WebAssembly App Empty", "Blazor WebAssembly App Empty\Blazor WebAssembly App Empty.csproj", "{0DE420FE-CDF8-487A-93E3-BB1C605A6276}"
EndProject
Project("{FAE04EC0-301F-11D3-BF4B-00C04F79EFBC}") = "Blazor WebAssembly App", "Blazor WebAssembly App\Blazor WebAssembly App.csproj", "{D2C22A63-0C00-4C1F-A7DD-89211922E92F}"
EndProject
Project("{2150E333-8FDC-42A3-9474-1A3956D46DE8}") = "Test Project Types", "Test Project Types", "{78ECB7C5-9FFB-4047-9855-BBE2344B8A22}"
EndProject
Project("{2150E333-8FDC-42A3-9474-1A3956D46DE8}") = "SPA Project Types", "SPA Project Types", "{41AAD922-DDC0-4B6A-A40A-28885305868D}"
EndProject
Project("{FAE04EC0-301F-11D3-BF4B-00C04F79EFBC}") = "ASP.NET Core with Angular", "ASP.NET Core with Angular\ASP.NET Core with Angular.csproj", "{C9D7F97A-9818-4C05-9776-9305A2249233}"
EndProject
Project("{FAE04EC0-301F-11D3-BF4B-00C04F79EFBC}") = "ASP.NET Core with React.js", "ASP.NET Core with React.js\ASP.NET Core with React.js.csproj", "{906E1D9B-0BDF-443A-9348-50947E3C7A88}"
EndProject
Project("{FAE04EC0-301F-11D3-BF4B-00C04F79EFBC}") = "NUnit Test Project", "NUnit Test Project\NUnit Test Project.csproj", "{A6346902-AA52-4F5F-AB24-A124304749D1}"
EndProject
Project("{FAE04EC0-301F-11D3-BF4B-00C04F79EFBC}") = "Web Driver Test for Edge (.NET Core)", "Web Driver Test for Edge (.NET Core)\Web Driver Test for Edge (.NET Core).csproj", "{568D7A12-8C04-4EBD-B332-AFA979DDE690}"
EndProject
Project("{FAE04EC0-301F-11D3-BF4B-00C04F79EFBC}") = "Web Driver Test for Edge (.NET Framework)", "Web Driver Test for Edge (.NET Framework)\Web Driver Test for Edge (.NET Framework).csproj", "{F7CB9BDE-2F33-4A2D-8B19-F33AC3FF4493}"
EndProject
Project("{2150E333-8FDC-42A3-9474-1A3956D46DE8}") = "Razor Class Library Project Types", "Razor Class Library Project Types", "{490BFC44-57A0-4B5D-8AAD-68B228379B53}"
EndProject
Project("{FAE04EC0-301F-11D3-BF4B-00C04F79EFBC}") = "Razor Class Library", "Razor Class Library\Razor Class Library.csproj", "{74235036-4B26-4829-8B61-8AA066E7C590}"
EndProject
Project("{2150E333-8FDC-42A3-9474-1A3956D46DE8}") = "gRPC Project Types", "gRPC Project Types", "{3EB3428B-1E1C-4039-B6E8-84F977809B4C}"
EndProject
Project("{FAE04EC0-301F-11D3-BF4B-00C04F79EFBC}") = "ASP.NET Core gRPC Service", "ASP.NET Core gRPC Service\ASP.NET Core gRPC Service.csproj", "{A1213E00-9CF0-48D0-A0D5-CABDE9901926}"
EndProject
Global
	GlobalSection(SolutionConfigurationPlatforms) = preSolution
		Debug|Any CPU = Debug|Any CPU
		Release|Any CPU = Release|Any CPU
	EndGlobalSection
	GlobalSection(ProjectConfigurationPlatforms) = postSolution
		{A85633C6-781E-47C0-AAB4-CAA68AE416E2}.Debug|Any CPU.ActiveCfg = Debug|Any CPU
		{A85633C6-781E-47C0-AAB4-CAA68AE416E2}.Debug|Any CPU.Build.0 = Debug|Any CPU
		{A85633C6-781E-47C0-AAB4-CAA68AE416E2}.Release|Any CPU.ActiveCfg = Release|Any CPU
		{A85633C6-781E-47C0-AAB4-CAA68AE416E2}.Release|Any CPU.Build.0 = Release|Any CPU
		{AC98B837-011E-4D78-AAA8-1E8AA74EB254}.Debug|Any CPU.ActiveCfg = Debug|Any CPU
		{AC98B837-011E-4D78-AAA8-1E8AA74EB254}.Debug|Any CPU.Build.0 = Debug|Any CPU
		{AC98B837-011E-4D78-AAA8-1E8AA74EB254}.Release|Any CPU.ActiveCfg = Release|Any CPU
		{AC98B837-011E-4D78-AAA8-1E8AA74EB254}.Release|Any CPU.Build.0 = Release|Any CPU
		{E97789BE-7F28-43A0-9081-B7935FE5A2B3}.Debug|Any CPU.ActiveCfg = Debug|Any CPU
		{E97789BE-7F28-43A0-9081-B7935FE5A2B3}.Debug|Any CPU.Build.0 = Debug|Any CPU
		{E97789BE-7F28-43A0-9081-B7935FE5A2B3}.Release|Any CPU.ActiveCfg = Release|Any CPU
		{E97789BE-7F28-43A0-9081-B7935FE5A2B3}.Release|Any CPU.Build.0 = Release|Any CPU
		{49A35BEE-291C-4E86-A2D7-7CB4ED5E30EB}.Debug|Any CPU.ActiveCfg = Debug|Any CPU
		{49A35BEE-291C-4E86-A2D7-7CB4ED5E30EB}.Debug|Any CPU.Build.0 = Debug|Any CPU
		{49A35BEE-291C-4E86-A2D7-7CB4ED5E30EB}.Release|Any CPU.ActiveCfg = Release|Any CPU
		{49A35BEE-291C-4E86-A2D7-7CB4ED5E30EB}.Release|Any CPU.Build.0 = Release|Any CPU
		{8122789C-2170-4247-8F5B-80194977606A}.Debug|Any CPU.ActiveCfg = Debug|Any CPU
		{8122789C-2170-4247-8F5B-80194977606A}.Debug|Any CPU.Build.0 = Debug|Any CPU
		{8122789C-2170-4247-8F5B-80194977606A}.Release|Any CPU.ActiveCfg = Debug|Any CPU
		{8122789C-2170-4247-8F5B-80194977606A}.Release|Any CPU.Build.0 = Debug|Any CPU
		{C55932A7-4ED1-4136-BF26-298BB45D6D1F}.Debug|Any CPU.ActiveCfg = Debug|Any CPU
		{C55932A7-4ED1-4136-BF26-298BB45D6D1F}.Debug|Any CPU.Build.0 = Debug|Any CPU
		{C55932A7-4ED1-4136-BF26-298BB45D6D1F}.Release|Any CPU.ActiveCfg = Release|Any CPU
		{C55932A7-4ED1-4136-BF26-298BB45D6D1F}.Release|Any CPU.Build.0 = Release|Any CPU
		{0F2FB804-B220-4755-97EC-FF5C515BD10E}.Debug|Any CPU.ActiveCfg = Debug|Any CPU
		{0F2FB804-B220-4755-97EC-FF5C515BD10E}.Debug|Any CPU.Build.0 = Debug|Any CPU
		{0F2FB804-B220-4755-97EC-FF5C515BD10E}.Release|Any CPU.ActiveCfg = Release|Any CPU
		{0F2FB804-B220-4755-97EC-FF5C515BD10E}.Release|Any CPU.Build.0 = Release|Any CPU
		{2D3BEDB5-DB62-4FB1-AAA3-F205C6BBD316}.Debug|Any CPU.ActiveCfg = Debug|Any CPU
		{2D3BEDB5-DB62-4FB1-AAA3-F205C6BBD316}.Debug|Any CPU.Build.0 = Debug|Any CPU
		{2D3BEDB5-DB62-4FB1-AAA3-F205C6BBD316}.Release|Any CPU.ActiveCfg = Release|Any CPU
		{2D3BEDB5-DB62-4FB1-AAA3-F205C6BBD316}.Release|Any CPU.Build.0 = Release|Any CPU
		{7A5FA061-3ECE-4DDE-8CFF-8433155FA5E0}.Debug|Any CPU.ActiveCfg = Debug|Any CPU
		{7A5FA061-3ECE-4DDE-8CFF-8433155FA5E0}.Debug|Any CPU.Build.0 = Debug|Any CPU
		{7A5FA061-3ECE-4DDE-8CFF-8433155FA5E0}.Release|Any CPU.ActiveCfg = Release|Any CPU
		{7A5FA061-3ECE-4DDE-8CFF-8433155FA5E0}.Release|Any CPU.Build.0 = Release|Any CPU
		{6DAD1628-A7A9-4CDF-A7BA-697A471FD864}.Debug|Any CPU.ActiveCfg = Debug|Any CPU
		{6DAD1628-A7A9-4CDF-A7BA-697A471FD864}.Debug|Any CPU.Build.0 = Debug|Any CPU
		{6DAD1628-A7A9-4CDF-A7BA-697A471FD864}.Release|Any CPU.ActiveCfg = Release|Any CPU
		{6DAD1628-A7A9-4CDF-A7BA-697A471FD864}.Release|Any CPU.Build.0 = Release|Any CPU
		{0DF61C7F-8522-4E28-9BE7-D897EF764CAD}.Debug|Any CPU.ActiveCfg = Debug|Any CPU
		{0DF61C7F-8522-4E28-9BE7-D897EF764CAD}.Debug|Any CPU.Build.0 = Debug|Any CPU
		{0DF61C7F-8522-4E28-9BE7-D897EF764CAD}.Release|Any CPU.ActiveCfg = Release|Any CPU
		{0DF61C7F-8522-4E28-9BE7-D897EF764CAD}.Release|Any CPU.Build.0 = Release|Any CPU
		{A48F87E9-6550-4A9B-A5F7-BF4A784EA8D2}.Debug|Any CPU.ActiveCfg = Debug|Any CPU
		{A48F87E9-6550-4A9B-A5F7-BF4A784EA8D2}.Debug|Any CPU.Build.0 = Debug|Any CPU
		{A48F87E9-6550-4A9B-A5F7-BF4A784EA8D2}.Release|Any CPU.ActiveCfg = Release|Any CPU
		{A48F87E9-6550-4A9B-A5F7-BF4A784EA8D2}.Release|Any CPU.Build.0 = Release|Any CPU
		{0A1D345E-82A6-4B56-A0B3-0CE3F172B97F}.Debug|Any CPU.ActiveCfg = Debug|Any CPU
		{0A1D345E-82A6-4B56-A0B3-0CE3F172B97F}.Debug|Any CPU.Build.0 = Debug|Any CPU
		{0A1D345E-82A6-4B56-A0B3-0CE3F172B97F}.Release|Any CPU.ActiveCfg = Release|Any CPU
		{0A1D345E-82A6-4B56-A0B3-0CE3F172B97F}.Release|Any CPU.Build.0 = Release|Any CPU
		{2BF8D1D0-F693-412D-A60A-0CD949EFFA21}.Debug|Any CPU.ActiveCfg = Debug|Any CPU
		{2BF8D1D0-F693-412D-A60A-0CD949EFFA21}.Debug|Any CPU.Build.0 = Debug|Any CPU
		{2BF8D1D0-F693-412D-A60A-0CD949EFFA21}.Release|Any CPU.ActiveCfg = Release|Any CPU
		{2BF8D1D0-F693-412D-A60A-0CD949EFFA21}.Release|Any CPU.Build.0 = Release|Any CPU
		{0DE420FE-CDF8-487A-93E3-BB1C605A6276}.Debug|Any CPU.ActiveCfg = Debug|Any CPU
		{0DE420FE-CDF8-487A-93E3-BB1C605A6276}.Debug|Any CPU.Build.0 = Debug|Any CPU
		{0DE420FE-CDF8-487A-93E3-BB1C605A6276}.Release|Any CPU.ActiveCfg = Release|Any CPU
		{0DE420FE-CDF8-487A-93E3-BB1C605A6276}.Release|Any CPU.Build.0 = Release|Any CPU
		{D2C22A63-0C00-4C1F-A7DD-89211922E92F}.Debug|Any CPU.ActiveCfg = Debug|Any CPU
		{D2C22A63-0C00-4C1F-A7DD-89211922E92F}.Debug|Any CPU.Build.0 = Debug|Any CPU
		{D2C22A63-0C00-4C1F-A7DD-89211922E92F}.Release|Any CPU.ActiveCfg = Release|Any CPU
		{D2C22A63-0C00-4C1F-A7DD-89211922E92F}.Release|Any CPU.Build.0 = Release|Any CPU
		{C9D7F97A-9818-4C05-9776-9305A2249233}.Debug|Any CPU.ActiveCfg = Debug|Any CPU
		{C9D7F97A-9818-4C05-9776-9305A2249233}.Debug|Any CPU.Build.0 = Debug|Any CPU
		{C9D7F97A-9818-4C05-9776-9305A2249233}.Release|Any CPU.ActiveCfg = Release|Any CPU
		{C9D7F97A-9818-4C05-9776-9305A2249233}.Release|Any CPU.Build.0 = Release|Any CPU
		{906E1D9B-0BDF-443A-9348-50947E3C7A88}.Debug|Any CPU.ActiveCfg = Debug|Any CPU
		{906E1D9B-0BDF-443A-9348-50947E3C7A88}.Debug|Any CPU.Build.0 = Debug|Any CPU
		{906E1D9B-0BDF-443A-9348-50947E3C7A88}.Release|Any CPU.ActiveCfg = Release|Any CPU
		{906E1D9B-0BDF-443A-9348-50947E3C7A88}.Release|Any CPU.Build.0 = Release|Any CPU
		{A6346902-AA52-4F5F-AB24-A124304749D1}.Debug|Any CPU.ActiveCfg = Debug|Any CPU
		{A6346902-AA52-4F5F-AB24-A124304749D1}.Debug|Any CPU.Build.0 = Debug|Any CPU
		{A6346902-AA52-4F5F-AB24-A124304749D1}.Release|Any CPU.ActiveCfg = Release|Any CPU
		{A6346902-AA52-4F5F-AB24-A124304749D1}.Release|Any CPU.Build.0 = Release|Any CPU
		{568D7A12-8C04-4EBD-B332-AFA979DDE690}.Debug|Any CPU.ActiveCfg = Debug|Any CPU
		{568D7A12-8C04-4EBD-B332-AFA979DDE690}.Debug|Any CPU.Build.0 = Debug|Any CPU
		{568D7A12-8C04-4EBD-B332-AFA979DDE690}.Release|Any CPU.ActiveCfg = Release|Any CPU
		{568D7A12-8C04-4EBD-B332-AFA979DDE690}.Release|Any CPU.Build.0 = Release|Any CPU
		{F7CB9BDE-2F33-4A2D-8B19-F33AC3FF4493}.Debug|Any CPU.ActiveCfg = Debug|Any CPU
		{F7CB9BDE-2F33-4A2D-8B19-F33AC3FF4493}.Debug|Any CPU.Build.0 = Debug|Any CPU
		{F7CB9BDE-2F33-4A2D-8B19-F33AC3FF4493}.Release|Any CPU.ActiveCfg = Release|Any CPU
		{F7CB9BDE-2F33-4A2D-8B19-F33AC3FF4493}.Release|Any CPU.Build.0 = Release|Any CPU
		{74235036-4B26-4829-8B61-8AA066E7C590}.Debug|Any CPU.ActiveCfg = Debug|Any CPU
		{74235036-4B26-4829-8B61-8AA066E7C590}.Debug|Any CPU.Build.0 = Debug|Any CPU
		{74235036-4B26-4829-8B61-8AA066E7C590}.Release|Any CPU.ActiveCfg = Release|Any CPU
		{74235036-4B26-4829-8B61-8AA066E7C590}.Release|Any CPU.Build.0 = Release|Any CPU
		{A1213E00-9CF0-48D0-A0D5-CABDE9901926}.Debug|Any CPU.ActiveCfg = Debug|Any CPU
		{A1213E00-9CF0-48D0-A0D5-CABDE9901926}.Debug|Any CPU.Build.0 = Debug|Any CPU
		{A1213E00-9CF0-48D0-A0D5-CABDE9901926}.Release|Any CPU.ActiveCfg = Release|Any CPU
		{A1213E00-9CF0-48D0-A0D5-CABDE9901926}.Release|Any CPU.Build.0 = Release|Any CPU
	EndGlobalSection
	GlobalSection(SolutionProperties) = preSolution
		HideSolutionNode = FALSE
	EndGlobalSection
	GlobalSection(NestedProjects) = preSolution
		{A85633C6-781E-47C0-AAB4-CAA68AE416E2} = {1078F6AA-E52A-426B-BF37-C3D8D2DACE7A}
		{AC98B837-011E-4D78-AAA8-1E8AA74EB254} = {1078F6AA-E52A-426B-BF37-C3D8D2DACE7A}
		{E97789BE-7F28-43A0-9081-B7935FE5A2B3} = {1078F6AA-E52A-426B-BF37-C3D8D2DACE7A}
		{49A35BEE-291C-4E86-A2D7-7CB4ED5E30EB} = {1078F6AA-E52A-426B-BF37-C3D8D2DACE7A}
		{8122789C-2170-4247-8F5B-80194977606A} = {4A7F6B3E-D5F7-4ACE-BA55-AEED87295014}
		{C55932A7-4ED1-4136-BF26-298BB45D6D1F} = {4A7F6B3E-D5F7-4ACE-BA55-AEED87295014}
		{0F2FB804-B220-4755-97EC-FF5C515BD10E} = {4A7F6B3E-D5F7-4ACE-BA55-AEED87295014}
		{2D3BEDB5-DB62-4FB1-AAA3-F205C6BBD316} = {1560B489-0146-49CD-9413-FCC1048B40C0}
		{7A5FA061-3ECE-4DDE-8CFF-8433155FA5E0} = {1560B489-0146-49CD-9413-FCC1048B40C0}
		{6DAD1628-A7A9-4CDF-A7BA-697A471FD864} = {1560B489-0146-49CD-9413-FCC1048B40C0}
		{0DF61C7F-8522-4E28-9BE7-D897EF764CAD} = {1560B489-0146-49CD-9413-FCC1048B40C0}
		{A48F87E9-6550-4A9B-A5F7-BF4A784EA8D2} = {1560B489-0146-49CD-9413-FCC1048B40C0}
		{0A1D345E-82A6-4B56-A0B3-0CE3F172B97F} = {D244306D-F6EE-46BC-8428-073B239AD66A}
		{2BF8D1D0-F693-412D-A60A-0CD949EFFA21} = {D244306D-F6EE-46BC-8428-073B239AD66A}
		{0DE420FE-CDF8-487A-93E3-BB1C605A6276} = {D244306D-F6EE-46BC-8428-073B239AD66A}
		{D2C22A63-0C00-4C1F-A7DD-89211922E92F} = {D244306D-F6EE-46BC-8428-073B239AD66A}
		{C9D7F97A-9818-4C05-9776-9305A2249233} = {41AAD922-DDC0-4B6A-A40A-28885305868D}
		{906E1D9B-0BDF-443A-9348-50947E3C7A88} = {41AAD922-DDC0-4B6A-A40A-28885305868D}
		{A6346902-AA52-4F5F-AB24-A124304749D1} = {78ECB7C5-9FFB-4047-9855-BBE2344B8A22}
		{568D7A12-8C04-4EBD-B332-AFA979DDE690} = {78ECB7C5-9FFB-4047-9855-BBE2344B8A22}
		{F7CB9BDE-2F33-4A2D-8B19-F33AC3FF4493} = {78ECB7C5-9FFB-4047-9855-BBE2344B8A22}
		{74235036-4B26-4829-8B61-8AA066E7C590} = {490BFC44-57A0-4B5D-8AAD-68B228379B53}
		{A1213E00-9CF0-48D0-A0D5-CABDE9901926} = {3EB3428B-1E1C-4039-B6E8-84F977809B4C}
	EndGlobalSection
	GlobalSection(ExtensibilityGlobals) = postSolution
		SolutionGuid = {3A99E05B-53F4-4767-8599-B2BD132082BD}
	EndGlobalSection
EndGlobal
